
Microsoft Visual Studio Solution File, Format Version 12.00
# Visual Studio Version 16
VisualStudioVersion = 16.0.29009.5
MinimumVisualStudioVersion = 10.0.40219.1
Project("{9A19103F-16F7-4668-BE54-9A1E7A4F7556}") = "Glader.ASP.NameQuery.Models", "src\Glader.ASP.NameQuery.Models\Glader.ASP.NameQuery.Models.csproj", "{AF1E4844-DC99-4456-ABF9-F7BD394AD33E}"
EndProject
Project("{2150E333-8FDC-42A3-9474-1A3956D46DE8}") = "src", "src", "{79915C0F-6FA9-4638-9CA5-025950BAD863}"
EndProject
Project("{9A19103F-16F7-4668-BE54-9A1E7A4F7556}") = "Glader.ASP.NameQuery.Server", "src\Glader.ASP.NameQuery.Server\Glader.ASP.NameQuery.Server.csproj", "{FCB3A94A-15FB-40DA-B489-DE243844EFF2}"
EndProject
Project("{9A19103F-16F7-4668-BE54-9A1E7A4F7556}") = "Glader.ASP.NameQuery.Client", "src\Glader.ASP.NameQuery.Client\Glader.ASP.NameQuery.Client.csproj", "{EDFD4AF9-8FCF-4FF3-845F-70F6149C25F7}"
EndProject
Project("{FAE04EC0-301F-11D3-BF4B-00C04F79EFBC}") = "Glader.ASP.NameQuery.Client.Autofac", "src\Glader.ASP.NameQuery.Client.Autofac\Glader.ASP.NameQuery.Client.Autofac.csproj", "{A3F42082-FE2B-4F23-AAC4-506B8177EFB0}"
EndProject
Global
	GlobalSection(SolutionConfigurationPlatforms) = preSolution
		Debug|Any CPU = Debug|Any CPU
		Release|Any CPU = Release|Any CPU
	EndGlobalSection
	GlobalSection(ProjectConfigurationPlatforms) = postSolution
		{AF1E4844-DC99-4456-ABF9-F7BD394AD33E}.Debug|Any CPU.ActiveCfg = Debug|Any CPU
		{AF1E4844-DC99-4456-ABF9-F7BD394AD33E}.Debug|Any CPU.Build.0 = Debug|Any CPU
		{AF1E4844-DC99-4456-ABF9-F7BD394AD33E}.Release|Any CPU.ActiveCfg = Release|Any CPU
		{AF1E4844-DC99-4456-ABF9-F7BD394AD33E}.Release|Any CPU.Build.0 = Release|Any CPU
		{FCB3A94A-15FB-40DA-B489-DE243844EFF2}.Debug|Any CPU.ActiveCfg = Debug|Any CPU
		{FCB3A94A-15FB-40DA-B489-DE243844EFF2}.Debug|Any CPU.Build.0 = Debug|Any CPU
		{FCB3A94A-15FB-40DA-B489-DE243844EFF2}.Release|Any CPU.ActiveCfg = Release|Any CPU
		{FCB3A94A-15FB-40DA-B489-DE243844EFF2}.Release|Any CPU.Build.0 = Release|Any CPU
		{EDFD4AF9-8FCF-4FF3-845F-70F6149C25F7}.Debug|Any CPU.ActiveCfg = Debug|Any CPU
		{EDFD4AF9-8FCF-4FF3-845F-70F6149C25F7}.Debug|Any CPU.Build.0 = Debug|Any CPU
		{EDFD4AF9-8FCF-4FF3-845F-70F6149C25F7}.Release|Any CPU.ActiveCfg = Release|Any CPU
		{EDFD4AF9-8FCF-4FF3-845F-70F6149C25F7}.Release|Any CPU.Build.0 = Release|Any CPU
		{A3F42082-FE2B-4F23-AAC4-506B8177EFB0}.Debug|Any CPU.ActiveCfg = Debug|Any CPU
		{A3F42082-FE2B-4F23-AAC4-506B8177EFB0}.Debug|Any CPU.Build.0 = Debug|Any CPU
		{A3F42082-FE2B-4F23-AAC4-506B8177EFB0}.Release|Any CPU.ActiveCfg = Release|Any CPU
		{A3F42082-FE2B-4F23-AAC4-506B8177EFB0}.Release|Any CPU.Build.0 = Release|Any CPU
	EndGlobalSection
	GlobalSection(SolutionProperties) = preSolution
		HideSolutionNode = FALSE
	EndGlobalSection
	GlobalSection(NestedProjects) = preSolution
		{AF1E4844-DC99-4456-ABF9-F7BD394AD33E} = {79915C0F-6FA9-4638-9CA5-025950BAD863}
		{FCB3A94A-15FB-40DA-B489-DE243844EFF2} = {79915C0F-6FA9-4638-9CA5-025950BAD863}
		{EDFD4AF9-8FCF-4FF3-845F-70F6149C25F7} = {79915C0F-6FA9-4638-9CA5-025950BAD863}
		{A3F42082-FE2B-4F23-AAC4-506B8177EFB0} = {79915C0F-6FA9-4638-9CA5-025950BAD863}
	EndGlobalSection
	GlobalSection(ExtensibilityGlobals) = postSolution
		SolutionGuid = {AEB455EE-C017-4449-BE40-862F3AB231C5}
	EndGlobalSection
EndGlobal
